
Microsoft Visual Studio Solution File, Format Version 12.00
# Visual Studio Version 17
VisualStudioVersion = 17.7.34018.315
MinimumVisualStudioVersion = 10.0.40219.1
Project("{FAE04EC0-301F-11D3-BF4B-00C04F79EFBC}") = "Uppgift 2.5", "Uppgift 2.5\Uppgift 2.5.csproj", "{E9FD5FAC-AC5A-4AB3-BAB0-EEB6F7200737}"
EndProject
Global
	GlobalSection(SolutionConfigurationPlatforms) = preSolution
		Debug|Any CPU = Debug|Any CPU
		Release|Any CPU = Release|Any CPU
	EndGlobalSection
	GlobalSection(ProjectConfigurationPlatforms) = postSolution
		{E9FD5FAC-AC5A-4AB3-BAB0-EEB6F7200737}.Debug|Any CPU.ActiveCfg = Debug|Any CPU
		{E9FD5FAC-AC5A-4AB3-BAB0-EEB6F7200737}.Debug|Any CPU.Build.0 = Debug|Any CPU
		{E9FD5FAC-AC5A-4AB3-BAB0-EEB6F7200737}.Release|Any CPU.ActiveCfg = Release|Any CPU
		{E9FD5FAC-AC5A-4AB3-BAB0-EEB6F7200737}.Release|Any CPU.Build.0 = Release|Any CPU
	EndGlobalSection
	GlobalSection(SolutionProperties) = preSolution
		HideSolutionNode = FALSE
	EndGlobalSection
	GlobalSection(ExtensibilityGlobals) = postSolution
		SolutionGuid = {41E6B98C-E5D6-4A27-8022-6C3B516B006E}
	EndGlobalSection
EndGlobal
